<?xml version="1.0" encoding="utf-8"?>
<Project ToolsVersion="4.0" xmlns="http://schemas.microsoft.com/developer/msbuild/2003">
  <ItemGroup>
    <Filter Include="소스 파일">
      <UniqueIdentifier>{4FC737F1-C7A5-4376-A066-2A32D752A2FF}</UniqueIdentifier>
      <Extensions>cpp;c;cc;cxx;c++;cppm;ixx;def;odl;idl;hpj;bat;asm;asmx</Extensions>
    </Filter>
    <Filter Include="헤더 파일">
      <UniqueIdentifier>{93995380-89BD-4b04-88EB-625FBE52EBFB}</UniqueIdentifier>
      <Extensions>h;hh;hpp;hxx;h++;hm;inl;inc;ipp;xsd</Extensions>
    </Filter>
    <Filter Include="리소스 파일">
      <UniqueIdentifier>{67DA6AB6-F800-4c08-8B7A-83BB121AAD01}</UniqueIdentifier>
      <Extensions>rc;ico;cur;bmp;dlg;rc2;rct;bin;rgs;gif;jpg;jpeg;jpe;resx;tiff;tif;png;wav;mfcribbon-ms</Extensions>
    </Filter>
  </ItemGroup>
  <ItemGroup>
    <ClInclude Include="VILib.h">
      <Filter>헤더 파일</Filter>
    </ClInclude>
    <ClInclude Include="Resource.h">
      <Filter>헤더 파일</Filter>
    </ClInclude>
    <ClInclude Include="pch.h">
      <Filter>헤더 파일</Filter>
    </ClInclude>
    <ClInclude Include="Blob.h">
      <Filter>헤더 파일</Filter>
    </ClInclude>
    <ClInclude Include="BlobDetector.h">
      <Filter>헤더 파일</Filter>
    </ClInclude>
    <ClInclude Include="GrayImg.h">
      <Filter>헤더 파일</Filter>
    </ClInclude>
    <ClInclude Include="FD.h">
      <Filter>헤더 파일</Filter>
    </ClInclude>
    <ClInclude Include="Feature.h">
      <Filter>헤더 파일</Filter>
    </ClInclude>
    <ClInclude Include="GFTBinarization.h">
      <Filter>헤더 파일</Filter>
    </ClInclude>
    <ClInclude Include="IBinarization.h">
      <Filter>헤더 파일</Filter>
    </ClInclude>
    <ClInclude Include="ILabeling.h">
      <Filter>헤더 파일</Filter>
    </ClInclude>
    <ClInclude Include="INoiseRemover.h">
      <Filter>헤더 파일</Filter>
    </ClInclude>
    <ClInclude Include="IRecipe.h">
      <Filter>헤더 파일</Filter>
    </ClInclude>
    <ClInclude Include="IUAIController.h">
      <Filter>헤더 파일</Filter>
    </ClInclude>
    <ClInclude Include="IUAlnspector.h">
      <Filter>헤더 파일</Filter>
    </ClInclude>
    <ClInclude Include="Labeling.h">
      <Filter>헤더 파일</Filter>
    </ClInclude>
    <ClInclude Include="LabelingRes.h">
      <Filter>헤더 파일</Filter>
    </ClInclude>
    <ClInclude Include="Markup.h">
      <Filter>헤더 파일</Filter>
    </ClInclude>
    <ClInclude Include="Recipe.h">
      <Filter>헤더 파일</Filter>
    </ClInclude>
    <ClInclude Include="Result.h">
      <Filter>헤더 파일</Filter>
    </ClInclude>
    <ClInclude Include="ROI.h">
      <Filter>헤더 파일</Filter>
    </ClInclude>
    <ClInclude Include="UAInspectorBasedBlob_TH.h">
      <Filter>헤더 파일</Filter>
    </ClInclude>
    <ClInclude Include="UAIController.h">
      <Filter>헤더 파일</Filter>
    </ClInclude>
    <ClInclude Include="VIRes.h">
      <Filter>헤더 파일</Filter>
    </ClInclude>
    <ClInclude Include="ResItem.h">
      <Filter>헤더 파일</Filter>
    </ClInclude>
    <ClInclude Include="Morph_Closing.h">
      <Filter>헤더 파일</Filter>
    </ClInclude>
  </ItemGroup>
  <ItemGroup>
    <ClCompile Include="VILib.cpp">
      <Filter>소스 파일</Filter>
    </ClCompile>
    <ClCompile Include="AssemblyInfo.cpp">
      <Filter>소스 파일</Filter>
    </ClCompile>
    <ClCompile Include="pch.cpp">
      <Filter>소스 파일</Filter>
    </ClCompile>
    <ClCompile Include="BlobDetector.cpp">
      <Filter>소스 파일</Filter>
    </ClCompile>
    <ClCompile Include="GrayImg.cpp">
      <Filter>소스 파일</Filter>
    </ClCompile>
    <ClCompile Include="FD.cpp">
      <Filter>소스 파일</Filter>
    </ClCompile>
    <ClCompile Include="Feature.cpp">
      <Filter>소스 파일</Filter>
    </ClCompile>
    <ClCompile Include="GFTBinarization.cpp">
      <Filter>소스 파일</Filter>
    </ClCompile>
    <ClCompile Include="Labeling.cpp">
      <Filter>소스 파일</Filter>
    </ClCompile>
    <ClCompile Include="Markup.cpp">
      <Filter>소스 파일</Filter>
    </ClCompile>
    <ClCompile Include="Recipe.cpp">
      <Filter>소스 파일</Filter>
    </ClCompile>
    <ClCompile Include="ROI.cpp">
      <Filter>소스 파일</Filter>
    </ClCompile>
    <ClCompile Include="UAInspectorBasedBlob_TH.cpp">
      <Filter>소스 파일</Filter>
    </ClCompile>
    <ClCompile Include="UAIController.cpp">
      <Filter>소스 파일</Filter>
    </ClCompile>
    <ClCompile Include="VIRes.cpp">
      <Filter>소스 파일</Filter>
    </ClCompile>
    <ClCompile Include="Morph_Closing.cpp">
      <Filter>소스 파일</Filter>
    </ClCompile>
  </ItemGroup>
  <ItemGroup>
    <ResourceCompile Include="app.rc">
      <Filter>리소스 파일</Filter>
    </ResourceCompile>
  </ItemGroup>
  <ItemGroup>
    <Image Include="app.ico">
      <Filter>리소스 파일</Filter>
    </Image>
  </ItemGroup>
</Project>